
Microsoft Visual Studio Solution File, Format Version 12.00
# Visual Studio 2013
VisualStudioVersion = 12.0.21005.1
MinimumVisualStudioVersion = 10.0.40219.1
Project("{8BC9CEB8-8B4A-11D0-8D11-00A0C91BC942}") = "5-24", "5-24\5-24.vcxproj", "{F8BFED9E-2D15-4DF4-80FE-B7182A5AB10F}"
EndProject
Global
	GlobalSection(SolutionConfigurationPlatforms) = preSolution
		Debug|Win32 = Debug|Win32
		Release|Win32 = Release|Win32
	EndGlobalSection
	GlobalSection(ProjectConfigurationPlatforms) = postSolution
		{F8BFED9E-2D15-4DF4-80FE-B7182A5AB10F}.Debug|Win32.ActiveCfg = Debug|Win32
		{F8BFED9E-2D15-4DF4-80FE-B7182A5AB10F}.Debug|Win32.Build.0 = Debug|Win32
		{F8BFED9E-2D15-4DF4-80FE-B7182A5AB10F}.Release|Win32.ActiveCfg = Release|Win32
		{F8BFED9E-2D15-4DF4-80FE-B7182A5AB10F}.Release|Win32.Build.0 = Release|Win32
	EndGlobalSection
	GlobalSection(SolutionProperties) = preSolution
		HideSolutionNode = FALSE
	EndGlobalSection
EndGlobal
