
Microsoft Visual Studio Solution File, Format Version 12.00
# Visual Studio 2013
VisualStudioVersion = 12.0.21005.1
MinimumVisualStudioVersion = 10.0.40219.1
Project("{8BC9CEB8-8B4A-11D0-8D11-00A0C91BC942}") = "3-31", "3-31\3-31.vcxproj", "{C3708B91-C1F0-46BA-8B35-6BCD0F6C7E8F}"
EndProject
Global
	GlobalSection(SolutionConfigurationPlatforms) = preSolution
		Debug|Win32 = Debug|Win32
		Release|Win32 = Release|Win32
	EndGlobalSection
	GlobalSection(ProjectConfigurationPlatforms) = postSolution
		{C3708B91-C1F0-46BA-8B35-6BCD0F6C7E8F}.Debug|Win32.ActiveCfg = Debug|Win32
		{C3708B91-C1F0-46BA-8B35-6BCD0F6C7E8F}.Debug|Win32.Build.0 = Debug|Win32
		{C3708B91-C1F0-46BA-8B35-6BCD0F6C7E8F}.Release|Win32.ActiveCfg = Release|Win32
		{C3708B91-C1F0-46BA-8B35-6BCD0F6C7E8F}.Release|Win32.Build.0 = Release|Win32
	EndGlobalSection
	GlobalSection(SolutionProperties) = preSolution
		HideSolutionNode = FALSE
	EndGlobalSection
EndGlobal
