
Microsoft Visual Studio Solution File, Format Version 12.00
# Visual Studio 15
VisualStudioVersion = 15.0.28307.705
MinimumVisualStudioVersion = 10.0.40219.1
Project("{8BC9CEB8-8B4A-11D0-8D11-00A0C91BC942}") = "7-22", "7-22\7-22.vcxproj", "{7B62BDD5-D715-478B-AA9C-0E94A16D63D7}"
EndProject
Global
	GlobalSection(SolutionConfigurationPlatforms) = preSolution
		Debug|x64 = Debug|x64
		Debug|x86 = Debug|x86
		Release|x64 = Release|x64
		Release|x86 = Release|x86
	EndGlobalSection
	GlobalSection(ProjectConfigurationPlatforms) = postSolution
		{7B62BDD5-D715-478B-AA9C-0E94A16D63D7}.Debug|x64.ActiveCfg = Debug|x64
		{7B62BDD5-D715-478B-AA9C-0E94A16D63D7}.Debug|x64.Build.0 = Debug|x64
		{7B62BDD5-D715-478B-AA9C-0E94A16D63D7}.Debug|x86.ActiveCfg = Debug|Win32
		{7B62BDD5-D715-478B-AA9C-0E94A16D63D7}.Debug|x86.Build.0 = Debug|Win32
		{7B62BDD5-D715-478B-AA9C-0E94A16D63D7}.Release|x64.ActiveCfg = Release|x64
		{7B62BDD5-D715-478B-AA9C-0E94A16D63D7}.Release|x64.Build.0 = Release|x64
		{7B62BDD5-D715-478B-AA9C-0E94A16D63D7}.Release|x86.ActiveCfg = Release|Win32
		{7B62BDD5-D715-478B-AA9C-0E94A16D63D7}.Release|x86.Build.0 = Release|Win32
	EndGlobalSection
	GlobalSection(SolutionProperties) = preSolution
		HideSolutionNode = FALSE
	EndGlobalSection
	GlobalSection(ExtensibilityGlobals) = postSolution
		SolutionGuid = {5EA8A2E2-D04F-4B77-90A1-C55A760DEA0F}
	EndGlobalSection
EndGlobal
