
Microsoft Visual Studio Solution File, Format Version 12.00
# Visual Studio 15
VisualStudioVersion = 15.0.28307.705
MinimumVisualStudioVersion = 10.0.40219.1
Project("{8BC9CEB8-8B4A-11D0-8D11-00A0C91BC942}") = "9-6", "9-6\9-6.vcxproj", "{4EB34574-3FC0-40F2-824B-1C071922BCAA}"
EndProject
Global
	GlobalSection(SolutionConfigurationPlatforms) = preSolution
		Debug|x64 = Debug|x64
		Debug|x86 = Debug|x86
		Release|x64 = Release|x64
		Release|x86 = Release|x86
	EndGlobalSection
	GlobalSection(ProjectConfigurationPlatforms) = postSolution
		{4EB34574-3FC0-40F2-824B-1C071922BCAA}.Debug|x64.ActiveCfg = Debug|x64
		{4EB34574-3FC0-40F2-824B-1C071922BCAA}.Debug|x64.Build.0 = Debug|x64
		{4EB34574-3FC0-40F2-824B-1C071922BCAA}.Debug|x86.ActiveCfg = Debug|Win32
		{4EB34574-3FC0-40F2-824B-1C071922BCAA}.Debug|x86.Build.0 = Debug|Win32
		{4EB34574-3FC0-40F2-824B-1C071922BCAA}.Release|x64.ActiveCfg = Release|x64
		{4EB34574-3FC0-40F2-824B-1C071922BCAA}.Release|x64.Build.0 = Release|x64
		{4EB34574-3FC0-40F2-824B-1C071922BCAA}.Release|x86.ActiveCfg = Release|Win32
		{4EB34574-3FC0-40F2-824B-1C071922BCAA}.Release|x86.Build.0 = Release|Win32
	EndGlobalSection
	GlobalSection(SolutionProperties) = preSolution
		HideSolutionNode = FALSE
	EndGlobalSection
	GlobalSection(ExtensibilityGlobals) = postSolution
		SolutionGuid = {E27BBC5A-EEDC-4FA2-B93A-FFEFAE794C65}
	EndGlobalSection
EndGlobal
