
Microsoft Visual Studio Solution File, Format Version 12.00
# Visual Studio 15
VisualStudioVersion = 15.0.28307.705
MinimumVisualStudioVersion = 10.0.40219.1
Project("{8BC9CEB8-8B4A-11D0-8D11-00A0C91BC942}") = "9-24", "9-24\9-24.vcxproj", "{B3BE79CB-065C-4592-96F0-5EBB1D90CF38}"
EndProject
Global
	GlobalSection(SolutionConfigurationPlatforms) = preSolution
		Debug|x64 = Debug|x64
		Debug|x86 = Debug|x86
		Release|x64 = Release|x64
		Release|x86 = Release|x86
	EndGlobalSection
	GlobalSection(ProjectConfigurationPlatforms) = postSolution
		{B3BE79CB-065C-4592-96F0-5EBB1D90CF38}.Debug|x64.ActiveCfg = Debug|x64
		{B3BE79CB-065C-4592-96F0-5EBB1D90CF38}.Debug|x64.Build.0 = Debug|x64
		{B3BE79CB-065C-4592-96F0-5EBB1D90CF38}.Debug|x86.ActiveCfg = Debug|Win32
		{B3BE79CB-065C-4592-96F0-5EBB1D90CF38}.Debug|x86.Build.0 = Debug|Win32
		{B3BE79CB-065C-4592-96F0-5EBB1D90CF38}.Release|x64.ActiveCfg = Release|x64
		{B3BE79CB-065C-4592-96F0-5EBB1D90CF38}.Release|x64.Build.0 = Release|x64
		{B3BE79CB-065C-4592-96F0-5EBB1D90CF38}.Release|x86.ActiveCfg = Release|Win32
		{B3BE79CB-065C-4592-96F0-5EBB1D90CF38}.Release|x86.Build.0 = Release|Win32
	EndGlobalSection
	GlobalSection(SolutionProperties) = preSolution
		HideSolutionNode = FALSE
	EndGlobalSection
	GlobalSection(ExtensibilityGlobals) = postSolution
		SolutionGuid = {3920A3E2-BF87-432A-84EB-F3B6C701C500}
	EndGlobalSection
EndGlobal
