
Microsoft Visual Studio Solution File, Format Version 12.00
# Visual Studio 15
VisualStudioVersion = 15.0.28307.705
MinimumVisualStudioVersion = 10.0.40219.1
Project("{8BC9CEB8-8B4A-11D0-8D11-00A0C91BC942}") = "OpenGL2", "OpenGL2\OpenGL2.vcxproj", "{B62D5107-E3B2-4796-B44E-1CE577DE0EC3}"
EndProject
Global
	GlobalSection(SolutionConfigurationPlatforms) = preSolution
		Debug|x64 = Debug|x64
		Debug|x86 = Debug|x86
		Release|x64 = Release|x64
		Release|x86 = Release|x86
	EndGlobalSection
	GlobalSection(ProjectConfigurationPlatforms) = postSolution
		{B62D5107-E3B2-4796-B44E-1CE577DE0EC3}.Debug|x64.ActiveCfg = Debug|x64
		{B62D5107-E3B2-4796-B44E-1CE577DE0EC3}.Debug|x64.Build.0 = Debug|x64
		{B62D5107-E3B2-4796-B44E-1CE577DE0EC3}.Debug|x86.ActiveCfg = Debug|Win32
		{B62D5107-E3B2-4796-B44E-1CE577DE0EC3}.Debug|x86.Build.0 = Debug|Win32
		{B62D5107-E3B2-4796-B44E-1CE577DE0EC3}.Release|x64.ActiveCfg = Release|x64
		{B62D5107-E3B2-4796-B44E-1CE577DE0EC3}.Release|x64.Build.0 = Release|x64
		{B62D5107-E3B2-4796-B44E-1CE577DE0EC3}.Release|x86.ActiveCfg = Release|Win32
		{B62D5107-E3B2-4796-B44E-1CE577DE0EC3}.Release|x86.Build.0 = Release|Win32
	EndGlobalSection
	GlobalSection(SolutionProperties) = preSolution
		HideSolutionNode = FALSE
	EndGlobalSection
	GlobalSection(ExtensibilityGlobals) = postSolution
		SolutionGuid = {7BA3A434-8E3B-4E21-A4AD-01495E861DC5}
	EndGlobalSection
EndGlobal
