
Microsoft Visual Studio Solution File, Format Version 12.00
# Visual Studio 2013
VisualStudioVersion = 12.0.21005.1
MinimumVisualStudioVersion = 10.0.40219.1
Project("{8BC9CEB8-8B4A-11D0-8D11-00A0C91BC942}") = "12-04", "12-04\12-04.vcxproj", "{F97F64B8-EA7E-4253-B08B-FF6C80C73D36}"
EndProject
Global
	GlobalSection(SolutionConfigurationPlatforms) = preSolution
		Debug|Win32 = Debug|Win32
		Release|Win32 = Release|Win32
	EndGlobalSection
	GlobalSection(ProjectConfigurationPlatforms) = postSolution
		{F97F64B8-EA7E-4253-B08B-FF6C80C73D36}.Debug|Win32.ActiveCfg = Debug|Win32
		{F97F64B8-EA7E-4253-B08B-FF6C80C73D36}.Debug|Win32.Build.0 = Debug|Win32
		{F97F64B8-EA7E-4253-B08B-FF6C80C73D36}.Release|Win32.ActiveCfg = Release|Win32
		{F97F64B8-EA7E-4253-B08B-FF6C80C73D36}.Release|Win32.Build.0 = Release|Win32
	EndGlobalSection
	GlobalSection(SolutionProperties) = preSolution
		HideSolutionNode = FALSE
	EndGlobalSection
EndGlobal
