
Microsoft Visual Studio Solution File, Format Version 12.00
# Visual Studio 15
VisualStudioVersion = 15.0.28307.705
MinimumVisualStudioVersion = 10.0.40219.1
Project("{8BC9CEB8-8B4A-11D0-8D11-00A0C91BC942}") = "ConsoleApplication1", "ConsoleApplication1\ConsoleApplication1.vcxproj", "{CA948502-338F-42CA-A726-5BCB687B4AD7}"
EndProject
Global
	GlobalSection(SolutionConfigurationPlatforms) = preSolution
		Debug|ARM = Debug|ARM
		Debug|ARM64 = Debug|ARM64
		Debug|x64 = Debug|x64
		Debug|x86 = Debug|x86
		Release|ARM = Release|ARM
		Release|ARM64 = Release|ARM64
		Release|x64 = Release|x64
		Release|x86 = Release|x86
	EndGlobalSection
	GlobalSection(ProjectConfigurationPlatforms) = postSolution
		{CA948502-338F-42CA-A726-5BCB687B4AD7}.Debug|ARM.ActiveCfg = Debug|ARM
		{CA948502-338F-42CA-A726-5BCB687B4AD7}.Debug|ARM.Build.0 = Debug|ARM
		{CA948502-338F-42CA-A726-5BCB687B4AD7}.Debug|ARM64.ActiveCfg = Debug|ARM64
		{CA948502-338F-42CA-A726-5BCB687B4AD7}.Debug|ARM64.Build.0 = Debug|ARM64
		{CA948502-338F-42CA-A726-5BCB687B4AD7}.Debug|x64.ActiveCfg = Debug|x64
		{CA948502-338F-42CA-A726-5BCB687B4AD7}.Debug|x64.Build.0 = Debug|x64
		{CA948502-338F-42CA-A726-5BCB687B4AD7}.Debug|x86.ActiveCfg = Debug|x86
		{CA948502-338F-42CA-A726-5BCB687B4AD7}.Debug|x86.Build.0 = Debug|x86
		{CA948502-338F-42CA-A726-5BCB687B4AD7}.Release|ARM.ActiveCfg = Release|ARM
		{CA948502-338F-42CA-A726-5BCB687B4AD7}.Release|ARM.Build.0 = Release|ARM
		{CA948502-338F-42CA-A726-5BCB687B4AD7}.Release|ARM64.ActiveCfg = Release|ARM64
		{CA948502-338F-42CA-A726-5BCB687B4AD7}.Release|ARM64.Build.0 = Release|ARM64
		{CA948502-338F-42CA-A726-5BCB687B4AD7}.Release|x64.ActiveCfg = Release|x64
		{CA948502-338F-42CA-A726-5BCB687B4AD7}.Release|x64.Build.0 = Release|x64
		{CA948502-338F-42CA-A726-5BCB687B4AD7}.Release|x86.ActiveCfg = Release|x86
		{CA948502-338F-42CA-A726-5BCB687B4AD7}.Release|x86.Build.0 = Release|x86
	EndGlobalSection
	GlobalSection(SolutionProperties) = preSolution
		HideSolutionNode = FALSE
	EndGlobalSection
	GlobalSection(ExtensibilityGlobals) = postSolution
		SolutionGuid = {BF0C8C20-4416-4CFA-92DD-0AAB7505E2D3}
	EndGlobalSection
EndGlobal
