
Microsoft Visual Studio Solution File, Format Version 12.00
# Visual Studio 15
VisualStudioVersion = 15.0.28307.705
MinimumVisualStudioVersion = 10.0.40219.1
Project("{8BC9CEB8-8B4A-11D0-8D11-00A0C91BC942}") = "7-23", "7-23\7-23.vcxproj", "{7ABFB518-94BD-409A-AD96-2427F9599775}"
EndProject
Global
	GlobalSection(SolutionConfigurationPlatforms) = preSolution
		Debug|x64 = Debug|x64
		Debug|x86 = Debug|x86
		Release|x64 = Release|x64
		Release|x86 = Release|x86
	EndGlobalSection
	GlobalSection(ProjectConfigurationPlatforms) = postSolution
		{7ABFB518-94BD-409A-AD96-2427F9599775}.Debug|x64.ActiveCfg = Debug|x64
		{7ABFB518-94BD-409A-AD96-2427F9599775}.Debug|x64.Build.0 = Debug|x64
		{7ABFB518-94BD-409A-AD96-2427F9599775}.Debug|x86.ActiveCfg = Debug|Win32
		{7ABFB518-94BD-409A-AD96-2427F9599775}.Debug|x86.Build.0 = Debug|Win32
		{7ABFB518-94BD-409A-AD96-2427F9599775}.Release|x64.ActiveCfg = Release|x64
		{7ABFB518-94BD-409A-AD96-2427F9599775}.Release|x64.Build.0 = Release|x64
		{7ABFB518-94BD-409A-AD96-2427F9599775}.Release|x86.ActiveCfg = Release|Win32
		{7ABFB518-94BD-409A-AD96-2427F9599775}.Release|x86.Build.0 = Release|Win32
	EndGlobalSection
	GlobalSection(SolutionProperties) = preSolution
		HideSolutionNode = FALSE
	EndGlobalSection
	GlobalSection(ExtensibilityGlobals) = postSolution
		SolutionGuid = {68DBB881-109B-4C57-BBA6-5B72427B95E8}
	EndGlobalSection
EndGlobal
