
Microsoft Visual Studio Solution File, Format Version 12.00
# Visual Studio 15
VisualStudioVersion = 15.0.28307.705
MinimumVisualStudioVersion = 10.0.40219.1
Project("{8BC9CEB8-8B4A-11D0-8D11-00A0C91BC942}") = "7-28", "7-28\7-28.vcxproj", "{98E64311-ED03-4D55-A9E9-806A880DF669}"
EndProject
Global
	GlobalSection(SolutionConfigurationPlatforms) = preSolution
		Debug|x64 = Debug|x64
		Debug|x86 = Debug|x86
		Release|x64 = Release|x64
		Release|x86 = Release|x86
	EndGlobalSection
	GlobalSection(ProjectConfigurationPlatforms) = postSolution
		{98E64311-ED03-4D55-A9E9-806A880DF669}.Debug|x64.ActiveCfg = Debug|x64
		{98E64311-ED03-4D55-A9E9-806A880DF669}.Debug|x64.Build.0 = Debug|x64
		{98E64311-ED03-4D55-A9E9-806A880DF669}.Debug|x86.ActiveCfg = Debug|Win32
		{98E64311-ED03-4D55-A9E9-806A880DF669}.Debug|x86.Build.0 = Debug|Win32
		{98E64311-ED03-4D55-A9E9-806A880DF669}.Release|x64.ActiveCfg = Release|x64
		{98E64311-ED03-4D55-A9E9-806A880DF669}.Release|x64.Build.0 = Release|x64
		{98E64311-ED03-4D55-A9E9-806A880DF669}.Release|x86.ActiveCfg = Release|Win32
		{98E64311-ED03-4D55-A9E9-806A880DF669}.Release|x86.Build.0 = Release|Win32
	EndGlobalSection
	GlobalSection(SolutionProperties) = preSolution
		HideSolutionNode = FALSE
	EndGlobalSection
	GlobalSection(ExtensibilityGlobals) = postSolution
		SolutionGuid = {D6A47A6E-CE67-4342-873F-81A29A1291CB}
	EndGlobalSection
EndGlobal
